{
    "_readme": [
        "This file locks the dependencies of your project to a known state",
        "Read more about it at https://getcomposer.org/doc/01-basic-usage.md#installing-dependencies",
        "This file is @generated automatically"
    ],
    "content-hash": "c33685db4807aca5ba5fa3cae0cbaf1e",
    "packages": [
        {
            "name": "lcobucci/clock",
            "version": "2.0.0",
            "source": {
                "type": "git",
                "url": "https://github.com/lcobucci/clock.git",
                "reference": "353d83fe2e6ae95745b16b3d911813df6a05bfb3"
            },
            "dist": {
                "type": "zip",
                "url": "https://api.github.com/repos/lcobucci/clock/zipball/353d83fe2e6ae95745b16b3d911813df6a05bfb3",
                "reference": "353d83fe2e6ae95745b16b3d911813df6a05bfb3",
                "shasum": ""
            },
            "require": {
                "php": "^7.4 || ^8.0"
            },
            "require-dev": {
                "infection/infection": "^0.17",
                "lcobucci/coding-standard": "^6.0",
                "phpstan/extension-installer": "^1.0",
                "phpstan/phpstan": "^0.12",
                "phpstan/phpstan-deprecation-rules": "^0.12",
                "phpstan/phpstan-phpunit": "^0.12",
                "phpstan/phpstan-strict-rules": "^0.12",
                "phpunit/php-code-coverage": "9.1.4",
                "phpunit/phpunit": "9.3.7"
            },
            "type": "library",
            "autoload": {
                "psr-4": {
                    "Lcobucci\\Clock\\": "src"
                }
            },
            "notification-url": "https://packagist.org/downloads/",
            "license": [
                "MIT"
            ],
            "authors": [
                {
                    "name": "Luís Cobucci",
                    "email": "lcobucci@gmail.com"
                }
            ],
            "description": "Yet another clock abstraction",
            "support": {
                "issues": "https://github.com/lcobucci/clock/issues",
                "source": "https://github.com/lcobucci/clock/tree/2.0.x"
            },
            "funding": [
                {
                    "url": "https://github.com/lcobucci",
                    "type": "github"
                },
                {
                    "url": "https://www.patreon.com/lcobucci",
                    "type": "patreon"
                }
            ],
            "time": "2020-08-27T18:56:02+00:00"
        },
        {
            "name": "react-parallel/object-proxy-attributes",
            "version": "1.1.0",
            "source": {
                "type": "git",
                "url": "https://github.com/reactphp-parallel/object-proxy-attributes.git",
                "reference": "2ee1cebc5f2a4dfd75f372ff77d144c631388859"
            },
            "dist": {
                "type": "zip",
                "url": "https://api.github.com/repos/reactphp-parallel/object-proxy-attributes/zipball/2ee1cebc5f2a4dfd75f372ff77d144c631388859",
                "reference": "2ee1cebc5f2a4dfd75f372ff77d144c631388859",
                "shasum": ""
            },
            "require": {
                "php": "^8 || ^7.4"
            },
            "require-dev": {
                "doctrine/annotations": "^1.11",
                "wyrihaximus/test-utilities": "^2.9 || ^3.0"
            },
            "type": "library",
            "extra": {
                "unused": [
                    "php"
                ]
            },
            "autoload": {
                "psr-4": {
                    "ReactParallel\\ObjectProxy\\Attribute\\": "src/"
                }
            },
            "notification-url": "https://packagist.org/downloads/",
            "license": [
                "MIT"
            ],
            "authors": [
                {
                    "name": "Cees-Jan Kiewiet",
                    "email": "ceesjank@gmail.com",
                    "homepage": "http://wyrihaximus.net/"
                }
            ],
            "description": "👨‍🚀🛰👩‍🚀 Attributes for react-parallel/object-proxy",
            "support": {
                "issues": "https://github.com/reactphp-parallel/object-proxy-attributes/issues",
                "source": "https://github.com/reactphp-parallel/object-proxy-attributes/tree/1.1.0"
            },
            "funding": [
                {
                    "url": "https://github.com/WyriHaximus",
                    "type": "github"
                }
            ],
            "time": "2021-11-11T08:41:45+00:00"
        },
        {
            "name": "thecodingmachine/safe",
            "version": "v1.3.3",
            "source": {
                "type": "git",
                "url": "https://github.com/thecodingmachine/safe.git",
                "reference": "a8ab0876305a4cdaef31b2350fcb9811b5608dbc"
            },
            "dist": {
                "type": "zip",
                "url": "https://api.github.com/repos/thecodingmachine/safe/zipball/a8ab0876305a4cdaef31b2350fcb9811b5608dbc",
                "reference": "a8ab0876305a4cdaef31b2350fcb9811b5608dbc",
                "shasum": ""
            },
            "require": {
                "php": ">=7.2"
            },
            "require-dev": {
                "phpstan/phpstan": "^0.12",
                "squizlabs/php_codesniffer": "^3.2",
                "thecodingmachine/phpstan-strict-rules": "^0.12"
            },
            "type": "library",
            "extra": {
                "branch-alias": {
                    "dev-master": "0.1-dev"
                }
            },
            "autoload": {
                "files": [
                    "deprecated/apc.php",
                    "deprecated/libevent.php",
                    "deprecated/mssql.php",
                    "deprecated/stats.php",
                    "lib/special_cases.php",
                    "generated/apache.php",
                    "generated/apcu.php",
                    "generated/array.php",
                    "generated/bzip2.php",
                    "generated/calendar.php",
                    "generated/classobj.php",
                    "generated/com.php",
                    "generated/cubrid.php",
                    "generated/curl.php",
                    "generated/datetime.php",
                    "generated/dir.php",
                    "generated/eio.php",
                    "generated/errorfunc.php",
                    "generated/exec.php",
                    "generated/fileinfo.php",
                    "generated/filesystem.php",
                    "generated/filter.php",
                    "generated/fpm.php",
                    "generated/ftp.php",
                    "generated/funchand.php",
                    "generated/gmp.php",
                    "generated/gnupg.php",
                    "generated/hash.php",
                    "generated/ibase.php",
                    "generated/ibmDb2.php",
                    "generated/iconv.php",
                    "generated/image.php",
                    "generated/imap.php",
                    "generated/info.php",
                    "generated/ingres-ii.php",
                    "generated/inotify.php",
                    "generated/json.php",
                    "generated/ldap.php",
                    "generated/libxml.php",
                    "generated/lzf.php",
                    "generated/mailparse.php",
                    "generated/mbstring.php",
                    "generated/misc.php",
                    "generated/msql.php",
                    "generated/mysql.php",
                    "generated/mysqli.php",
                    "generated/mysqlndMs.php",
                    "generated/mysqlndQc.php",
                    "generated/network.php",
                    "generated/oci8.php",
                    "generated/opcache.php",
                    "generated/openssl.php",
                    "generated/outcontrol.php",
                    "generated/password.php",
                    "generated/pcntl.php",
                    "generated/pcre.php",
                    "generated/pdf.php",
                    "generated/pgsql.php",
                    "generated/posix.php",
                    "generated/ps.php",
                    "generated/pspell.php",
                    "generated/readline.php",
                    "generated/rpminfo.php",
                    "generated/rrd.php",
                    "generated/sem.php",
                    "generated/session.php",
                    "generated/shmop.php",
                    "generated/simplexml.php",
                    "generated/sockets.php",
                    "generated/sodium.php",
                    "generated/solr.php",
                    "generated/spl.php",
                    "generated/sqlsrv.php",
                    "generated/ssdeep.php",
                    "generated/ssh2.php",
                    "generated/stream.php",
                    "generated/strings.php",
                    "generated/swoole.php",
                    "generated/uodbc.php",
                    "generated/uopz.php",
                    "generated/url.php",
                    "generated/var.php",
                    "generated/xdiff.php",
                    "generated/xml.php",
                    "generated/xmlrpc.php",
                    "generated/yaml.php",
                    "generated/yaz.php",
                    "generated/zip.php",
                    "generated/zlib.php"
                ],
                "psr-4": {
                    "Safe\\": [
                        "lib/",
                        "deprecated/",
                        "generated/"
                    ]
                }
            },
            "notification-url": "https://packagist.org/downloads/",
            "license": [
                "MIT"
            ],
            "description": "PHP core functions that throw exceptions instead of returning FALSE on error",
            "support": {
                "issues": "https://github.com/thecodingmachine/safe/issues",
                "source": "https://github.com/thecodingmachine/safe/tree/v1.3.3"
            },
            "time": "2020-10-28T17:51:34+00:00"
        },
        {
            "name": "wyrihaximus/constants",
            "version": "1.6.0",
            "source": {
                "type": "git",
                "url": "https://github.com/WyriHaximus/php-constants.git",
                "reference": "32ceffdd881593c7fa24d8fcbf9deb58687484cb"
            },
            "dist": {
                "type": "zip",
                "url": "https://api.github.com/repos/WyriHaximus/php-constants/zipball/32ceffdd881593c7fa24d8fcbf9deb58687484cb",
                "reference": "32ceffdd881593c7fa24d8fcbf9deb58687484cb",
                "shasum": ""
            },
            "require": {
                "php": "^8 || ^7 || ^5.3"
            },
            "type": "library",
            "autoload": {
                "files": [
                    "src/Boolean/constants_include.php",
                    "src/ComposerAutoloader/constants_include.php",
                    "src/HTTPStatusCodes/constants_include.php",
                    "src/Numeric/constants_include.php"
                ]
            },
            "notification-url": "https://packagist.org/downloads/",
            "license": [
                "MIT"
            ],
            "authors": [
                {
                    "name": "Cees-Jan Kiewiet",
                    "email": "ceesjank@gmail.com",
                    "homepage": "https://www.wyrihaximus.net/"
                }
            ],
            "description": "Collection of constants for PHP",
            "support": {
                "issues": "https://github.com/WyriHaximus/php-constants/issues",
                "source": "https://github.com/WyriHaximus/php-constants/tree/1.6.0"
            },
            "funding": [
                {
                    "url": "https://github.com/WyriHaximus",
                    "type": "github"
                }
            ],
            "time": "2020-11-28T12:04:43+00:00"
        },
        {
            "name": "wyrihaximus/metrics",
            "version": "1.1.0",
            "source": {
                "type": "git",
                "url": "https://github.com/WyriHaximus/php-metrics.git",
                "reference": "bb209f20b77401af681c25c9a886e92296c14902"
            },
            "dist": {
                "type": "zip",
                "url": "https://api.github.com/repos/WyriHaximus/php-metrics/zipball/bb209f20b77401af681c25c9a886e92296c14902",
                "reference": "bb209f20b77401af681c25c9a886e92296c14902",
                "shasum": ""
            },
            "require": {
                "lcobucci/clock": "^2.0",
                "php": "^7.4 || ^8.0",
                "react-parallel/object-proxy-attributes": "^1",
                "thecodingmachine/safe": "^1.1",
                "wyrihaximus/constants": "^1.5"
            },
            "require-dev": {
                "phpbench/phpbench": "^0.17.1 || ^1.0.0",
                "phpstan/phpstan": "^0.12.99",
                "vimeo/psalm": "^4.12",
                "wyrihaximus/test-utilities": "^3.7.4"
            },
            "type": "library",
            "autoload": {
                "psr-4": {
                    "WyriHaximus\\Metrics\\": "src/"
                }
            },
            "notification-url": "https://packagist.org/downloads/",
            "license": [
                "MIT"
            ],
            "authors": [
                {
                    "name": "Cees-Jan Kiewiet",
                    "email": "ceesjank@gmail.com"
                }
            ],
            "description": "🕵️‍♀️ Prometheus modelled metric VO's and registry",
            "support": {
                "issues": "https://github.com/WyriHaximus/php-metrics/issues",
                "source": "https://github.com/WyriHaximus/php-metrics/tree/1.1.0"
            },
            "funding": [
                {
                    "url": "https://github.com/WyriHaximus",
                    "type": "github"
                }
            ],
            "time": "2021-11-10T16:03:58+00:00"
        }
    ],
    "packages-dev": [],
    "aliases": [],
    "minimum-stability": "stable",
    "stability-flags": [],
    "prefer-stable": false,
    "prefer-lowest": false,
    "platform": {
        "php": "^8 || ^7.4"
    },
    "platform-dev": [],
    "platform-overrides": {
        "php": "7.4.99"
    },
    "plugin-api-version": "2.3.0"
}
